// !$*UTF8*$!
{
	archiveVersion = 1;
	classes = {
	};
	objectVersion = 77;
	objects = {

/* Begin PBXBuildFile section */
		07216C8C2D1D13BC0008004D /* SnapKit in Frameworks */ = {isa = PBXBuildFile; productRef = 07216C8B2D1D13BC0008004D /* SnapKit */; };
		07216CFE2D1D3D630008004D /* RxBlocking in Frameworks */ = {isa = PBXBuildFile; productRef = 07216CFD2D1D3D630008004D /* RxBlocking */; };
		07216D032D1D3D630008004D /* RxCocoa in Frameworks */ = {isa = PBXBuildFile; productRef = 07216D022D1D3D630008004D /* RxCocoa */; };
		07216D082D1D3D630008004D /* RxRelay in Frameworks */ = {isa = PBXBuildFile; productRef = 07216D072D1D3D630008004D /* RxRelay */; };
		07216D0D2D1D3D630008004D /* RxSwift in Frameworks */ = {isa = PBXBuildFile; productRef = 07216D0C2D1D3D630008004D /* RxSwift */; };
		07216D522D1D4B200008004D /* YouTubeiOSPlayerHelper in Frameworks */ = {isa = PBXBuildFile; productRef = 07216D512D1D4B200008004D /* YouTubeiOSPlayerHelper */; };
/* End PBXBuildFile section */

/* Begin PBXCopyFilesBuildPhase section */
		07216D162D1D3D630008004D /* Embed Frameworks */ = {
			isa = PBXCopyFilesBuildPhase;
			buildActionMask = 2147483647;
			dstPath = "";
			dstSubfolderSpec = 10;
			files = (
			);
			name = "Embed Frameworks";
			runOnlyForDeploymentPostprocessing = 0;
		};
/* End PBXCopyFilesBuildPhase section */

/* Begin PBXFileReference section */
		07216C482D1CF17B0008004D /* SpartaNetflixClone.app */ = {isa = PBXFileReference; explicitFileType = wrapper.application; includeInIndex = 0; path = SpartaNetflixClone.app; sourceTree = BUILT_PRODUCTS_DIR; };
/* End PBXFileReference section */

/* Begin PBXFileSystemSynchronizedBuildFileExceptionSet section */
		07216C5A2D1CF17C0008004D /* Exceptions for "SpartaNetflixClone" folder in "SpartaNetflixClone" target */ = {
			isa = PBXFileSystemSynchronizedBuildFileExceptionSet;
			membershipExceptions = (
				Info.plist,
			);
			target = 07216C472D1CF17B0008004D /* SpartaNetflixClone */;
		};
/* End PBXFileSystemSynchronizedBuildFileExceptionSet section */

/* Begin PBXFileSystemSynchronizedRootGroup section */
		07216C4A2D1CF17B0008004D /* SpartaNetflixClone */ = {
			isa = PBXFileSystemSynchronizedRootGroup;
			exceptions = (
				07216C5A2D1CF17C0008004D /* Exceptions for "SpartaNetflixClone" folder in "SpartaNetflixClone" target */,
			);
			path = SpartaNetflixClone;
			sourceTree = "<group>";
		};
/* End PBXFileSystemSynchronizedRootGroup section */

/* Begin PBXFrameworksBuildPhase section */
		07216C452D1CF17B0008004D /* Frameworks */ = {
			isa = PBXFrameworksBuildPhase;
			buildActionMask = 2147483647;
			files = (
				07216D082D1D3D630008004D /* RxRelay in Frameworks */,
				07216C8C2D1D13BC0008004D /* SnapKit in Frameworks */,
				07216D032D1D3D630008004D /* RxCocoa in Frameworks */,
				07216D0D2D1D3D630008004D /* RxSwift in Frameworks */,
				07216CFE2D1D3D630008004D /* RxBlocking in Frameworks */,
				07216D522D1D4B200008004D /* YouTubeiOSPlayerHelper in Frameworks */,
			);
			runOnlyForDeploymentPostprocessing = 0;
		};
/* End PBXFrameworksBuildPhase section */

/* Begin PBXGroup section */
		07216C3F2D1CF17B0008004D = {
			isa = PBXGroup;
			children = (
				07216C4A2D1CF17B0008004D /* SpartaNetflixClone */,
				07216CFC2D1D3D630008004D /* Frameworks */,
				07216C492D1CF17B0008004D /* Products */,
			);
			sourceTree = "<group>";
		};
		07216C492D1CF17B0008004D /* Products */ = {
			isa = PBXGroup;
			children = (
				07216C482D1CF17B0008004D /* SpartaNetflixClone.app */,
			);
			name = Products;
			sourceTree = "<group>";
		};
		07216CFC2D1D3D630008004D /* Frameworks */ = {
			isa = PBXGroup;
			children = (
			);
			name = Frameworks;
			sourceTree = "<group>";
		};
/* End PBXGroup section */

/* Begin PBXNativeTarget section */
		07216C472D1CF17B0008004D /* SpartaNetflixClone */ = {
			isa = PBXNativeTarget;
			buildConfigurationList = 07216C5B2D1CF17C0008004D /* Build configuration list for PBXNativeTarget "SpartaNetflixClone" */;
			buildPhases = (
				07216C442D1CF17B0008004D /* Sources */,
				07216C452D1CF17B0008004D /* Frameworks */,
				07216C462D1CF17B0008004D /* Resources */,
				07216D162D1D3D630008004D /* Embed Frameworks */,
			);
			buildRules = (
			);
			dependencies = (
			);
			fileSystemSynchronizedGroups = (
				07216C4A2D1CF17B0008004D /* SpartaNetflixClone */,
			);
			name = SpartaNetflixClone;
			packageProductDependencies = (
				07216C8B2D1D13BC0008004D /* SnapKit */,
				07216CFD2D1D3D630008004D /* RxBlocking */,
				07216D022D1D3D630008004D /* RxCocoa */,
				07216D072D1D3D630008004D /* RxRelay */,
				07216D0C2D1D3D630008004D /* RxSwift */,
				07216D512D1D4B200008004D /* YouTubeiOSPlayerHelper */,
			);
			productName = SpartaNetflixClone;
			productReference = 07216C482D1CF17B0008004D /* SpartaNetflixClone.app */;
			productType = "com.apple.product-type.application";
		};
/* End PBXNativeTarget section */

/* Begin PBXProject section */
		07216C402D1CF17B0008004D /* Project object */ = {
			isa = PBXProject;
			attributes = {
				BuildIndependentTargetsInParallel = 1;
				LastSwiftUpdateCheck = 1610;
				LastUpgradeCheck = 1610;
				TargetAttributes = {
					07216C472D1CF17B0008004D = {
						CreatedOnToolsVersion = 16.1;
					};
				};
			};
			buildConfigurationList = 07216C432D1CF17B0008004D /* Build configuration list for PBXProject "SpartaNetflixClone" */;
			developmentRegion = en;
			hasScannedForEncodings = 0;
			knownRegions = (
				en,
				Base,
			);
			mainGroup = 07216C3F2D1CF17B0008004D;
			minimizedProjectReferenceProxies = 1;
			packageReferences = (
				07216C8A2D1D13BC0008004D /* XCRemoteSwiftPackageReference "SnapKit" */,
				07216CFB2D1D3D400008004D /* XCRemoteSwiftPackageReference "RxSwift" */,
				07216D502D1D4B200008004D /* XCRemoteSwiftPackageReference "youtube-ios-player-helper" */,
			);
			preferredProjectObjectVersion = 77;
			productRefGroup = 07216C492D1CF17B0008004D /* Products */;
			projectDirPath = "";
			projectRoot = "";
			targets = (
				07216C472D1CF17B0008004D /* SpartaNetflixClone */,
			);
		};
/* End PBXProject section */

/* Begin PBXResourcesBuildPhase section */
		07216C462D1CF17B0008004D /* Resources */ = {
			isa = PBXResourcesBuildPhase;
			buildActionMask = 2147483647;
			files = (
			);
			runOnlyForDeploymentPostprocessing = 0;
		};
/* End PBXResourcesBuildPhase section */

/* Begin PBXSourcesBuildPhase section */
		07216C442D1CF17B0008004D /* Sources */ = {
			isa = PBXSourcesBuildPhase;
			buildActionMask = 2147483647;
			files = (
			);
			runOnlyForDeploymentPostprocessing = 0;
		};
/* End PBXSourcesBuildPhase section */

/* Begin XCBuildConfiguration section */
		07216C5C2D1CF17C0008004D /* Debug */ = {
			isa = XCBuildConfiguration;
			baseConfigurationReferenceAnchor = 07216C4A2D1CF17B0008004D /* SpartaNetflixClone */;
			baseConfigurationReferenceRelativePath = Config.xcconfig;
			buildSettings = {
				ASSETCATALOG_COMPILER_APPICON_NAME = AppIcon;
				ASSETCATALOG_COMPILER_GLOBAL_ACCENT_COLOR_NAME = AccentColor;
				CODE_SIGN_STYLE = Automatic;
				CURRENT_PROJECT_VERSION = 1;
				GENERATE_INFOPLIST_FILE = YES;
				INFOPLIST_FILE = SpartaNetflixClone/Info.plist;
				INFOPLIST_KEY_UIApplicationSupportsIndirectInputEvents = YES;
				INFOPLIST_KEY_UILaunchStoryboardName = LaunchScreen;
				INFOPLIST_KEY_UISupportedInterfaceOrientations = UIInterfaceOrientationPortrait;
				INFOPLIST_KEY_UISupportedInterfaceOrientations_iPad = "UIInterfaceOrientationLandscapeLeft UIInterfaceOrientationLandscapeRight UIInterfaceOrientationPortrait UIInterfaceOrientationPortraitUpsideDown";
				IPHONEOS_DEPLOYMENT_TARGET = 16.6;
				LD_RUNPATH_SEARCH_PATHS = (
					"$(inherited)",
					"@executable_path/Frameworks",
				);
				MARKETING_VERSION = 1.0;
				PRODUCT_BUNDLE_IDENTIFIER = com.youngjin.SpartaNetflixClone;
				PRODUCT_NAME = "$(TARGET_NAME)";
				SUPPORTED_PLATFORMS = "iphoneos iphonesimulator";
				SUPPORTS_MACCATALYST = NO;
				SUPPORTS_MAC_DESIGNED_FOR_IPHONE_IPAD = NO;
				SUPPORTS_XR_DESIGNED_FOR_IPHONE_IPAD = NO;
				SWIFT_EMIT_LOC_STRINGS = YES;
				SWIFT_VERSION = 5.0;
				TARGETED_DEVICE_FAMILY = 1;
			};
			name = Debug;
		};
		07216C5D2D1CF17C0008004D /* Release */ = {
			isa = XCBuildConfiguration;
			baseConfigurationReferenceAnchor = 07216C4A2D1CF17B0008004D /* SpartaNetflixClone */;
			baseConfigurationReferenceRelativePath = Config.xcconfig;
			buildSettings = {
				ASSETCATALOG_COMPILER_APPICON_NAME = AppIcon;
				ASSETCATALOG_COMPILER_GLOBAL_ACCENT_COLOR_NAME = AccentColor;
				CODE_SIGN_STYLE = Automatic;
				CURRENT_PROJECT_VERSION = 1;
				GENERATE_INFOPLIST_FILE = YES;
				INFOPLIST_FILE = SpartaNetflixClone/Info.plist;
				INFOPLIST_KEY_UIApplicationSupportsIndirectInputEvents = YES;
				INFOPLIST_KEY_UILaunchStoryboardName = LaunchScreen;
				INFOPLIST_KEY_UISupportedInterfaceOrientations = UIInterfaceOrientationPortrait;
				INFOPLIST_KEY_UISupportedInterfaceOrientations_iPad = "UIInterfaceOrientationLandscapeLeft UIInterfaceOrientationLandscapeRight UIInterfaceOrientationPortrait UIInterfaceOrientationPortraitUpsideDown";
				IPHONEOS_DEPLOYMENT_TARGET = 16.6;
				LD_RUNPATH_SEARCH_PATHS = (
					"$(inherited)",
					"@executable_path/Frameworks",
				);
				MARKETING_VERSION = 1.0;
				PRODUCT_BUNDLE_IDENTIFIER = com.youngjin.SpartaNetflixClone;
				PRODUCT_NAME = "$(TARGET_NAME)";
				SUPPORTED_PLATFORMS = "iphoneos iphonesimulator";
				SUPPORTS_MACCATALYST = NO;
				SUPPORTS_MAC_DESIGNED_FOR_IPHONE_IPAD = NO;
				SUPPORTS_XR_DESIGNED_FOR_IPHONE_IPAD = NO;
				SWIFT_EMIT_LOC_STRINGS = YES;
				SWIFT_VERSION = 5.0;
				TARGETED_DEVICE_FAMILY = 1;
			};
			name = Release;
		};
		07216C5E2D1CF17C0008004D /* Debug */ = {
			isa = XCBuildConfiguration;
			buildSettings = {
				ALWAYS_SEARCH_USER_PATHS = NO;
				ASSETCATALOG_COMPILER_GENERATE_SWIFT_ASSET_SYMBOL_EXTENSIONS = YES;
				CLANG_ANALYZER_NONNULL = YES;
				CLANG_ANALYZER_NUMBER_OBJECT_CONVERSION = YES_AGGRESSIVE;
				CLANG_CXX_LANGUAGE_STANDARD = "gnu++20";
				CLANG_ENABLE_MODULES = YES;
				CLANG_ENABLE_OBJC_ARC = YES;
				CLANG_ENABLE_OBJC_WEAK = YES;
				CLANG_WARN_BLOCK_CAPTURE_AUTORELEASING = YES;
				CLANG_WARN_BOOL_CONVERSION = YES;
				CLANG_WARN_COMMA = YES;
				CLANG_WARN_CONSTANT_CONVERSION = YES;
				CLANG_WARN_DEPRECATED_OBJC_IMPLEMENTATIONS = YES;
				CLANG_WARN_DIRECT_OBJC_ISA_USAGE = YES_ERROR;
				CLANG_WARN_DOCUMENTATION_COMMENTS = YES;
				CLANG_WARN_EMPTY_BODY = YES;
				CLANG_WARN_ENUM_CONVERSION = YES;
				CLANG_WARN_INFINITE_RECURSION = YES;
				CLANG_WARN_INT_CONVERSION = YES;
				CLANG_WARN_NON_LITERAL_NULL_CONVERSION = YES;
				CLANG_WARN_OBJC_IMPLICIT_RETAIN_SELF = YES;
				CLANG_WARN_OBJC_LITERAL_CONVERSION = YES;
				CLANG_WARN_OBJC_ROOT_CLASS = YES_ERROR;
				CLANG_WARN_QUOTED_INCLUDE_IN_FRAMEWORK_HEADER = YES;
				CLANG_WARN_RANGE_LOOP_ANALYSIS = YES;
				CLANG_WARN_STRICT_PROTOTYPES = YES;
				CLANG_WARN_SUSPICIOUS_MOVE = YES;
				CLANG_WARN_UNGUARDED_AVAILABILITY = YES_AGGRESSIVE;
				CLANG_WARN_UNREACHABLE_CODE = YES;
				CLANG_WARN__DUPLICATE_METHOD_MATCH = YES;
				COPY_PHASE_STRIP = NO;
				DEBUG_INFORMATION_FORMAT = dwarf;
				ENABLE_STRICT_OBJC_MSGSEND = YES;
				ENABLE_TESTABILITY = YES;
				ENABLE_USER_SCRIPT_SANDBOXING = YES;
				GCC_C_LANGUAGE_STANDARD = gnu17;
				GCC_DYNAMIC_NO_PIC = NO;
				GCC_NO_COMMON_BLOCKS = YES;
				GCC_OPTIMIZATION_LEVEL = 0;
				GCC_PREPROCESSOR_DEFINITIONS = (
					"DEBUG=1",
					"$(inherited)",
				);
				GCC_WARN_64_TO_32_BIT_CONVERSION = YES;
				GCC_WARN_ABOUT_RETURN_TYPE = YES_ERROR;
				GCC_WARN_UNDECLARED_SELECTOR = YES;
				GCC_WARN_UNINITIALIZED_AUTOS = YES_AGGRESSIVE;
				GCC_WARN_UNUSED_FUNCTION = YES;
				GCC_WARN_UNUSED_VARIABLE = YES;
				IPHONEOS_DEPLOYMENT_TARGET = 18.1;
				LOCALIZATION_PREFERS_STRING_CATALOGS = YES;
				MTL_ENABLE_DEBUG_INFO = INCLUDE_SOURCE;
				MTL_FAST_MATH = YES;
				ONLY_ACTIVE_ARCH = YES;
				SDKROOT = iphoneos;
				SWIFT_ACTIVE_COMPILATION_CONDITIONS = "DEBUG $(inherited)";
				SWIFT_OPTIMIZATION_LEVEL = "-Onone";
			};
			name = Debug;
		};
		07216C5F2D1CF17C0008004D /* Release */ = {
			isa = XCBuildConfiguration;
			buildSettings = {
				ALWAYS_SEARCH_USER_PATHS = NO;
				ASSETCATALOG_COMPILER_GENERATE_SWIFT_ASSET_SYMBOL_EXTENSIONS = YES;
				CLANG_ANALYZER_NONNULL = YES;
				CLANG_ANALYZER_NUMBER_OBJECT_CONVERSION = YES_AGGRESSIVE;
				CLANG_CXX_LANGUAGE_STANDARD = "gnu++20";
				CLANG_ENABLE_MODULES = YES;
				CLANG_ENABLE_OBJC_ARC = YES;
				CLANG_ENABLE_OBJC_WEAK = YES;
				CLANG_WARN_BLOCK_CAPTURE_AUTORELEASING = YES;
				CLANG_WARN_BOOL_CONVERSION = YES;
				CLANG_WARN_COMMA = YES;
				CLANG_WARN_CONSTANT_CONVERSION = YES;
				CLANG_WARN_DEPRECATED_OBJC_IMPLEMENTATIONS = YES;
				CLANG_WARN_DIRECT_OBJC_ISA_USAGE = YES_ERROR;
				CLANG_WARN_DOCUMENTATION_COMMENTS = YES;
				CLANG_WARN_EMPTY_BODY = YES;
				CLANG_WARN_ENUM_CONVERSION = YES;
				CLANG_WARN_INFINITE_RECURSION = YES;
				CLANG_WARN_INT_CONVERSION = YES;
				CLANG_WARN_NON_LITERAL_NULL_CONVERSION = YES;
				CLANG_WARN_OBJC_IMPLICIT_RETAIN_SELF = YES;
				CLANG_WARN_OBJC_LITERAL_CONVERSION = YES;
				CLANG_WARN_OBJC_ROOT_CLASS = YES_ERROR;
				CLANG_WARN_QUOTED_INCLUDE_IN_FRAMEWORK_HEADER = YES;
				CLANG_WARN_RANGE_LOOP_ANALYSIS = YES;
				CLANG_WARN_STRICT_PROTOTYPES = YES;
				CLANG_WARN_SUSPICIOUS_MOVE = YES;
				CLANG_WARN_UNGUARDED_AVAILABILITY = YES_AGGRESSIVE;
				CLANG_WARN_UNREACHABLE_CODE = YES;
				CLANG_WARN__DUPLICATE_METHOD_MATCH = YES;
				COPY_PHASE_STRIP = NO;
				DEBUG_INFORMATION_FORMAT = "dwarf-with-dsym";
				ENABLE_NS_ASSERTIONS = NO;
				ENABLE_STRICT_OBJC_MSGSEND = YES;
				ENABLE_USER_SCRIPT_SANDBOXING = YES;
				GCC_C_LANGUAGE_STANDARD = gnu17;
				GCC_NO_COMMON_BLOCKS = YES;
				GCC_WARN_64_TO_32_BIT_CONVERSION = YES;
				GCC_WARN_ABOUT_RETURN_TYPE = YES_ERROR;
				GCC_WARN_UNDECLARED_SELECTOR = YES;
				GCC_WARN_UNINITIALIZED_AUTOS = YES_AGGRESSIVE;
				GCC_WARN_UNUSED_FUNCTION = YES;
				GCC_WARN_UNUSED_VARIABLE = YES;
				IPHONEOS_DEPLOYMENT_TARGET = 18.1;
				LOCALIZATION_PREFERS_STRING_CATALOGS = YES;
				MTL_ENABLE_DEBUG_INFO = NO;
				MTL_FAST_MATH = YES;
				SDKROOT = iphoneos;
				SWIFT_COMPILATION_MODE = wholemodule;
				VALIDATE_PRODUCT = YES;
			};
			name = Release;
		};
/* End XCBuildConfiguration section */

/* Begin XCConfigurationList section */
		07216C432D1CF17B0008004D /* Build configuration list for PBXProject "SpartaNetflixClone" */ = {
			isa = XCConfigurationList;
			buildConfigurations = (
				07216C5E2D1CF17C0008004D /* Debug */,
				07216C5F2D1CF17C0008004D /* Release */,
			);
			defaultConfigurationIsVisible = 0;
			defaultConfigurationName = Release;
		};
		07216C5B2D1CF17C0008004D /* Build configuration list for PBXNativeTarget "SpartaNetflixClone" */ = {
			isa = XCConfigurationList;
			buildConfigurations = (
				07216C5C2D1CF17C0008004D /* Debug */,
				07216C5D2D1CF17C0008004D /* Release */,
			);
			defaultConfigurationIsVisible = 0;
			defaultConfigurationName = Release;
		};
/* End XCConfigurationList section */

/* Begin XCRemoteSwiftPackageReference section */
		07216C8A2D1D13BC0008004D /* XCRemoteSwiftPackageReference "SnapKit" */ = {
			isa = XCRemoteSwiftPackageReference;
			repositoryURL = "https://github.com/SnapKit/SnapKit.git";
			requirement = {
				kind = upToNextMajorVersion;
				minimumVersion = 5.7.1;
			};
		};
		07216CFB2D1D3D400008004D /* XCRemoteSwiftPackageReference "RxSwift" */ = {
			isa = XCRemoteSwiftPackageReference;
			repositoryURL = "https://github.com/ReactiveX/RxSwift";
			requirement = {
				kind = upToNextMajorVersion;
				minimumVersion = 6.8.0;
			};
		};
		07216D502D1D4B200008004D /* XCRemoteSwiftPackageReference "youtube-ios-player-helper" */ = {
			isa = XCRemoteSwiftPackageReference;
			repositoryURL = "https://github.com/youtube/youtube-ios-player-helper";
			requirement = {
				kind = upToNextMajorVersion;
				minimumVersion = 1.0.4;
			};
		};
/* End XCRemoteSwiftPackageReference section */

/* Begin XCSwiftPackageProductDependency section */
		07216C8B2D1D13BC0008004D /* SnapKit */ = {
			isa = XCSwiftPackageProductDependency;
			package = 07216C8A2D1D13BC0008004D /* XCRemoteSwiftPackageReference "SnapKit" */;
			productName = SnapKit;
		};
		07216CFD2D1D3D630008004D /* RxBlocking */ = {
			isa = XCSwiftPackageProductDependency;
			package = 07216CFB2D1D3D400008004D /* XCRemoteSwiftPackageReference "RxSwift" */;
			productName = RxBlocking;
		};
		07216D022D1D3D630008004D /* RxCocoa */ = {
			isa = XCSwiftPackageProductDependency;
			package = 07216CFB2D1D3D400008004D /* XCRemoteSwiftPackageReference "RxSwift" */;
			productName = RxCocoa;
		};
		07216D072D1D3D630008004D /* RxRelay */ = {
			isa = XCSwiftPackageProductDependency;
			package = 07216CFB2D1D3D400008004D /* XCRemoteSwiftPackageReference "RxSwift" */;
			productName = RxRelay;
		};
		07216D0C2D1D3D630008004D /* RxSwift */ = {
			isa = XCSwiftPackageProductDependency;
			package = 07216CFB2D1D3D400008004D /* XCRemoteSwiftPackageReference "RxSwift" */;
			productName = RxSwift;
		};
		07216D512D1D4B200008004D /* YouTubeiOSPlayerHelper */ = {
			isa = XCSwiftPackageProductDependency;
			package = 07216D502D1D4B200008004D /* XCRemoteSwiftPackageReference "youtube-ios-player-helper" */;
			productName = YouTubeiOSPlayerHelper;
		};
/* End XCSwiftPackageProductDependency section */
	};
	rootObject = 07216C402D1CF17B0008004D /* Project object */;
}
